
Microsoft Visual Studio Solution File, Format Version 12.00
# Visual Studio Version 17
VisualStudioVersion = 17.7.34024.191
MinimumVisualStudioVersion = 10.0.40219.1
Project("{FAE04EC0-301F-11D3-BF4B-00C04F79EFBC}") = "NetCore Assignemt", "NetCore Assignemt\NetCore Assignemt.csproj", "{DD4CEF9A-0751-4EE6-86B8-DEB4627C5A7E}"
EndProject
Global
	GlobalSection(SolutionConfigurationPlatforms) = preSolution
		Debug|Any CPU = Debug|Any CPU
		Release|Any CPU = Release|Any CPU
	EndGlobalSection
	GlobalSection(ProjectConfigurationPlatforms) = postSolution
		{DD4CEF9A-0751-4EE6-86B8-DEB4627C5A7E}.Debug|Any CPU.ActiveCfg = Debug|Any CPU
		{DD4CEF9A-0751-4EE6-86B8-DEB4627C5A7E}.Debug|Any CPU.Build.0 = Debug|Any CPU
		{DD4CEF9A-0751-4EE6-86B8-DEB4627C5A7E}.Release|Any CPU.ActiveCfg = Release|Any CPU
		{DD4CEF9A-0751-4EE6-86B8-DEB4627C5A7E}.Release|Any CPU.Build.0 = Release|Any CPU
	EndGlobalSection
	GlobalSection(SolutionProperties) = preSolution
		HideSolutionNode = FALSE
	EndGlobalSection
	GlobalSection(ExtensibilityGlobals) = postSolution
		SolutionGuid = {C9D92D7F-C7F0-456B-807E-46DA2C0D7244}
	EndGlobalSection
EndGlobal
